// !$*UTF8*$!
{
	archiveVersion = 1;
	classes = {
	};
	objectVersion = 56;
	objects = {

/* Begin PBXBuildFile section */
		0C1CB0302B88CF3E00BAAE87 /* PointerEventPath.swift in Sources */ = {isa = PBXBuildFile; fileRef = 0C1CB02F2B88CF3E00BAAE87 /* PointerEventPath.swift */; };
		0C1CB0322B88D02700BAAE87 /* EventRecord.swift in Sources */ = {isa = PBXBuildFile; fileRef = 0C1CB0312B88D02700BAAE87 /* EventRecord.swift */; };
		0C1CB0342B88D85700BAAE87 /* RunnerDaemonProxy.swift in Sources */ = {isa = PBXBuildFile; fileRef = 0C1CB0332B88D85700BAAE87 /* RunnerDaemonProxy.swift */; };
		0C1F22022B6D22D200ADC5CB /* XCViewHierarchy.swift in Sources */ = {isa = PBXBuildFile; fileRef = 0C1F22012B6D22D200ADC5CB /* XCViewHierarchy.swift */; };
		0C1F22042B6D392D00ADC5CB /* XCViewHierarchyPayload.swift in Sources */ = {isa = PBXBuildFile; fileRef = 0C1F22032B6D392D00ADC5CB /* XCViewHierarchyPayload.swift */; };
		0C65F6972B96011100000EE7 /* TextInputHelper.swift in Sources */ = {isa = PBXBuildFile; fileRef = 0C65F6962B96011100000EE7 /* TextInputHelper.swift */; };
		0C66DCB92B7515C000BFA060 /* XCViewElement.swift in Sources */ = {isa = PBXBuildFile; fileRef = 0C66DCB82B7515C000BFA060 /* XCViewElement.swift */; };
		0C9D63AE2AC9602A00E388BA /* AppDelegate.swift in Sources */ = {isa = PBXBuildFile; fileRef = 0C9D63AD2AC9602A00E388BA /* AppDelegate.swift */; };
		0C9D63B02AC9602A00E388BA /* SceneDelegate.swift in Sources */ = {isa = PBXBuildFile; fileRef = 0C9D63AF2AC9602A00E388BA /* SceneDelegate.swift */; };
		0C9D63B22AC9602A00E388BA /* ViewController.swift in Sources */ = {isa = PBXBuildFile; fileRef = 0C9D63B12AC9602A00E388BA /* ViewController.swift */; };
		0C9D63B52AC9602A00E388BA /* Main.storyboard in Resources */ = {isa = PBXBuildFile; fileRef = 0C9D63B32AC9602A00E388BA /* Main.storyboard */; };
		0C9D63B72AC9602B00E388BA /* Assets.xcassets in Resources */ = {isa = PBXBuildFile; fileRef = 0C9D63B62AC9602B00E388BA /* Assets.xcassets */; };
		0C9D63BA2AC9602B00E388BA /* LaunchScreen.storyboard in Resources */ = {isa = PBXBuildFile; fileRef = 0C9D63B82AC9602B00E388BA /* LaunchScreen.storyboard */; };
		0C9D63CF2AC9602B00E388BA /* FinalRunTest.swift in Sources */ = {isa = PBXBuildFile; fileRef = 0C9D63CE2AC9602B00E388BA /* FinalRunTest.swift */; };
		0CD1B3702B877FE400A05C5C /* XCTestManager.swift in Sources */ = {isa = PBXBuildFile; fileRef = 0CD1B36F2B877FE400A05C5C /* XCTestManager.swift */; };
		0CD1B3722B87819900A05C5C /* ActionRequest.swift in Sources */ = {isa = PBXBuildFile; fileRef = 0CD1B3712B87819900A05C5C /* ActionRequest.swift */; };
		0CD1B3742B87854200A05C5C /* ActionResponse.swift in Sources */ = {isa = PBXBuildFile; fileRef = 0CD1B3732B87854200A05C5C /* ActionResponse.swift */; };
		0CDCC1852B6932ED00F74344 /* XCViewHierarchyManager.swift in Sources */ = {isa = PBXBuildFile; fileRef = 0CDCC1842B6932ED00F74344 /* XCViewHierarchyManager.swift */; };
		0CF7B0942BA70ADB002FB33F /* EventTarget.swift in Sources */ = {isa = PBXBuildFile; fileRef = 0CF7B0932BA70ADB002FB33F /* EventTarget.swift */; };
		0CF86C102BB1B41200AC4919 /* Utils.swift in Sources */ = {isa = PBXBuildFile; fileRef = 0CF86C0F2BB1B41200AC4919 /* Utils.swift */; };
		A1GRPC00002D28243A00000021 /* GRPCCore in Frameworks */ = {isa = PBXBuildFile; productRef = A1GRPC00002D28243A00000011 /* GRPCCore */; };
		A1GRPC00002D28243A00000022 /* GRPCNIOTransportHTTP2 in Frameworks */ = {isa = PBXBuildFile; productRef = A1GRPC00002D28243A00000012 /* GRPCNIOTransportHTTP2 */; };
		A1GRPC00002D28243A00000023 /* GRPCProtobuf in Frameworks */ = {isa = PBXBuildFile; productRef = A1GRPC00002D28243A00000013 /* GRPCProtobuf */; };
		A1GRPC00002D28243A00000051 /* GrpcDriverServer.swift in Sources */ = {isa = PBXBuildFile; fileRef = A1GRPC00002D28243A00000031 /* GrpcDriverServer.swift */; };
		A1GRPC00002D28243A00000052 /* driver.pb.swift in Sources */ = {isa = PBXBuildFile; fileRef = A1GRPC00002D28243A00000032 /* driver.pb.swift */; };
		A1GRPC00002D28243A00000053 /* driver.grpc.swift in Sources */ = {isa = PBXBuildFile; fileRef = A1GRPC00002D28243A00000033 /* driver.grpc.swift */; };
/* End PBXBuildFile section */

/* Begin PBXContainerItemProxy section */
		0C9D63CB2AC9602B00E388BA /* PBXContainerItemProxy */ = {
			isa = PBXContainerItemProxy;
			containerPortal = 0C9D63A22AC9602A00E388BA /* Project object */;
			proxyType = 1;
			remoteGlobalIDString = 0C9D63A92AC9602A00E388BA;
			remoteInfo = "finalrun-ios";
		};
/* End PBXContainerItemProxy section */

/* Begin PBXFileReference section */
		0C1CB02F2B88CF3E00BAAE87 /* PointerEventPath.swift */ = {isa = PBXFileReference; lastKnownFileType = sourcecode.swift; path = PointerEventPath.swift; sourceTree = "<group>"; };
		0C1CB0312B88D02700BAAE87 /* EventRecord.swift */ = {isa = PBXFileReference; lastKnownFileType = sourcecode.swift; path = EventRecord.swift; sourceTree = "<group>"; };
		0C1CB0332B88D85700BAAE87 /* RunnerDaemonProxy.swift */ = {isa = PBXFileReference; lastKnownFileType = sourcecode.swift; path = RunnerDaemonProxy.swift; sourceTree = "<group>"; };
		0C1F22012B6D22D200ADC5CB /* XCViewHierarchy.swift */ = {isa = PBXFileReference; lastKnownFileType = sourcecode.swift; path = XCViewHierarchy.swift; sourceTree = "<group>"; };
		0C1F22032B6D392D00ADC5CB /* XCViewHierarchyPayload.swift */ = {isa = PBXFileReference; lastKnownFileType = sourcecode.swift; path = XCViewHierarchyPayload.swift; sourceTree = "<group>"; };
		0C65F6962B96011100000EE7 /* TextInputHelper.swift */ = {isa = PBXFileReference; lastKnownFileType = sourcecode.swift; path = TextInputHelper.swift; sourceTree = "<group>"; };
		0C66DCB82B7515C000BFA060 /* XCViewElement.swift */ = {isa = PBXFileReference; lastKnownFileType = sourcecode.swift; path = XCViewElement.swift; sourceTree = "<group>"; };
		0C9D63AA2AC9602A00E388BA /* finalrun-ios.app */ = {isa = PBXFileReference; explicitFileType = wrapper.application; includeInIndex = 0; path = "finalrun-ios.app"; sourceTree = BUILT_PRODUCTS_DIR; };
		0C9D63AD2AC9602A00E388BA /* AppDelegate.swift */ = {isa = PBXFileReference; lastKnownFileType = sourcecode.swift; path = AppDelegate.swift; sourceTree = "<group>"; };
		0C9D63AF2AC9602A00E388BA /* SceneDelegate.swift */ = {isa = PBXFileReference; lastKnownFileType = sourcecode.swift; path = SceneDelegate.swift; sourceTree = "<group>"; };
		0C9D63B12AC9602A00E388BA /* ViewController.swift */ = {isa = PBXFileReference; lastKnownFileType = sourcecode.swift; path = ViewController.swift; sourceTree = "<group>"; };
		0C9D63B42AC9602A00E388BA /* Base */ = {isa = PBXFileReference; lastKnownFileType = file.storyboard; name = Base; path = Base.lproj/Main.storyboard; sourceTree = "<group>"; };
		0C9D63B62AC9602B00E388BA /* Assets.xcassets */ = {isa = PBXFileReference; lastKnownFileType = folder.assetcatalog; path = Assets.xcassets; sourceTree = "<group>"; };
		0C9D63B92AC9602B00E388BA /* Base */ = {isa = PBXFileReference; lastKnownFileType = file.storyboard; name = Base; path = Base.lproj/LaunchScreen.storyboard; sourceTree = "<group>"; };
		0C9D63BB2AC9602B00E388BA /* Info.plist */ = {isa = PBXFileReference; lastKnownFileType = text.plist.xml; path = Info.plist; sourceTree = "<group>"; };
		0C9D63CA2AC9602B00E388BA /* finalrun-ios-test.xctest */ = {isa = PBXFileReference; explicitFileType = wrapper.cfbundle; includeInIndex = 0; path = "finalrun-ios-test.xctest"; sourceTree = BUILT_PRODUCTS_DIR; };
		0C9D63CE2AC9602B00E388BA /* FinalRunTest.swift */ = {isa = PBXFileReference; lastKnownFileType = sourcecode.swift; path = FinalRunTest.swift; sourceTree = "<group>"; };
		0CD1B36F2B877FE400A05C5C /* XCTestManager.swift */ = {isa = PBXFileReference; lastKnownFileType = sourcecode.swift; path = XCTestManager.swift; sourceTree = "<group>"; };
		0CD1B3712B87819900A05C5C /* ActionRequest.swift */ = {isa = PBXFileReference; lastKnownFileType = sourcecode.swift; path = ActionRequest.swift; sourceTree = "<group>"; };
		0CD1B3732B87854200A05C5C /* ActionResponse.swift */ = {isa = PBXFileReference; lastKnownFileType = sourcecode.swift; path = ActionResponse.swift; sourceTree = "<group>"; };
		0CDCC1842B6932ED00F74344 /* XCViewHierarchyManager.swift */ = {isa = PBXFileReference; lastKnownFileType = sourcecode.swift; path = XCViewHierarchyManager.swift; sourceTree = "<group>"; };
		0CF7B0932BA70ADB002FB33F /* EventTarget.swift */ = {isa = PBXFileReference; lastKnownFileType = sourcecode.swift; path = EventTarget.swift; sourceTree = "<group>"; };
		0CF86C0F2BB1B41200AC4919 /* Utils.swift */ = {isa = PBXFileReference; lastKnownFileType = sourcecode.swift; path = Utils.swift; sourceTree = "<group>"; };
		A1GRPC00002D28243A00000031 /* GrpcDriverServer.swift */ = {isa = PBXFileReference; lastKnownFileType = sourcecode.swift; path = GrpcDriverServer.swift; sourceTree = "<group>"; };
		A1GRPC00002D28243A00000032 /* driver.pb.swift */ = {isa = PBXFileReference; lastKnownFileType = sourcecode.swift; path = driver.pb.swift; sourceTree = "<group>"; };
		A1GRPC00002D28243A00000033 /* driver.grpc.swift */ = {isa = PBXFileReference; lastKnownFileType = sourcecode.swift; path = driver.grpc.swift; sourceTree = "<group>"; };
/* End PBXFileReference section */

/* Begin PBXFrameworksBuildPhase section */
		0C9D63A72AC9602A00E388BA /* Frameworks */ = {
			isa = PBXFrameworksBuildPhase;
			buildActionMask = 2147483647;
			files = (
			);
			runOnlyForDeploymentPostprocessing = 0;
		};
		0C9D63C72AC9602B00E388BA /* Frameworks */ = {
			isa = PBXFrameworksBuildPhase;
			buildActionMask = 2147483647;
			files = (
				A1GRPC00002D28243A00000021 /* GRPCCore in Frameworks */,
				A1GRPC00002D28243A00000022 /* GRPCNIOTransportHTTP2 in Frameworks */,
				A1GRPC00002D28243A00000023 /* GRPCProtobuf in Frameworks */,
			);
			runOnlyForDeploymentPostprocessing = 0;
		};
/* End PBXFrameworksBuildPhase section */

/* Begin PBXGroup section */
		0C9D63A12AC9602A00E388BA = {
			isa = PBXGroup;
			children = (
				0C9D63AC2AC9602A00E388BA /* finalrun-ios */,
				0C9D63CD2AC9602B00E388BA /* finalrun-ios-test */,
				0C9D63AB2AC9602A00E388BA /* Products */,
			);
			sourceTree = "<group>";
		};
		0C9D63AB2AC9602A00E388BA /* Products */ = {
			isa = PBXGroup;
			children = (
				0C9D63AA2AC9602A00E388BA /* finalrun-ios.app */,
				0C9D63CA2AC9602B00E388BA /* finalrun-ios-test.xctest */,
			);
			name = Products;
			sourceTree = "<group>";
		};
		0C9D63AC2AC9602A00E388BA /* finalrun-ios */ = {
			isa = PBXGroup;
			children = (
				0C9D63AD2AC9602A00E388BA /* AppDelegate.swift */,
				0C9D63AF2AC9602A00E388BA /* SceneDelegate.swift */,
				0C9D63B12AC9602A00E388BA /* ViewController.swift */,
				0C9D63B32AC9602A00E388BA /* Main.storyboard */,
				0C9D63B62AC9602B00E388BA /* Assets.xcassets */,
				0C9D63B82AC9602B00E388BA /* LaunchScreen.storyboard */,
				0C9D63BB2AC9602B00E388BA /* Info.plist */,
			);
			path = "finalrun-ios";
			sourceTree = "<group>";
		};
		0C9D63CD2AC9602B00E388BA /* finalrun-ios-test */ = {
			isa = PBXGroup;
			children = (
				0C9D63CE2AC9602B00E388BA /* FinalRunTest.swift */,
				A1GRPC00002D28243A00000031 /* GrpcDriverServer.swift */,
				0CF86C0F2BB1B41200AC4919 /* Utils.swift */,
				A1GRPC00002D28243A00000040 /* Generated */,
				0C9EDC202C0769EA00023FD2 /* XCView Models */,
				0C9EDC1E2C07691200023FD2 /* XCTest Models */,
				0C9EDC1F2C07697300023FD2 /* Managers */,
				0C9EDC212C076A1900023FD2 /* Models */,
			);
			path = "finalrun-ios-test";
			sourceTree = "<group>";
		};
		0C9EDC1E2C07691200023FD2 /* XCTest Models */ = {
			isa = PBXGroup;
			children = (
				0CD1B3712B87819900A05C5C /* ActionRequest.swift */,
				0CD1B3732B87854200A05C5C /* ActionResponse.swift */,
			);
			path = "XCTest Models";
			sourceTree = "<group>";
		};
		0C9EDC1F2C07697300023FD2 /* Managers */ = {
			isa = PBXGroup;
			children = (
				0CDCC1842B6932ED00F74344 /* XCViewHierarchyManager.swift */,
				0CD1B36F2B877FE400A05C5C /* XCTestManager.swift */,
			);
			path = Managers;
			sourceTree = "<group>";
		};
		0C9EDC202C0769EA00023FD2 /* XCView Models */ = {
			isa = PBXGroup;
			children = (
				0C66DCB82B7515C000BFA060 /* XCViewElement.swift */,
				0C1F22012B6D22D200ADC5CB /* XCViewHierarchy.swift */,
				0C1F22032B6D392D00ADC5CB /* XCViewHierarchyPayload.swift */,
			);
			path = "XCView Models";
			sourceTree = "<group>";
		};
		0C9EDC212C076A1900023FD2 /* Models */ = {
			isa = PBXGroup;
			children = (
				0C1CB02F2B88CF3E00BAAE87 /* PointerEventPath.swift */,
				0C1CB0312B88D02700BAAE87 /* EventRecord.swift */,
				0C1CB0332B88D85700BAAE87 /* RunnerDaemonProxy.swift */,
				0C65F6962B96011100000EE7 /* TextInputHelper.swift */,
				0CF7B0932BA70ADB002FB33F /* EventTarget.swift */,
			);
			path = Models;
			sourceTree = "<group>";
		};
		A1GRPC00002D28243A00000040 /* Generated */ = {
			isa = PBXGroup;
			children = (
				A1GRPC00002D28243A00000041 /* finalrun */,
			);
			path = Generated;
			sourceTree = "<group>";
		};
		A1GRPC00002D28243A00000041 /* finalrun */ = {
			isa = PBXGroup;
			children = (
				A1GRPC00002D28243A00000032 /* driver.pb.swift */,
				A1GRPC00002D28243A00000033 /* driver.grpc.swift */,
			);
			path = finalrun;
			sourceTree = "<group>";
		};
/* End PBXGroup section */

/* Begin PBXNativeTarget section */
		0C9D63A92AC9602A00E388BA /* finalrun-ios */ = {
			isa = PBXNativeTarget;
			buildConfigurationList = 0C9D63D42AC9602B00E388BA /* Build configuration list for PBXNativeTarget "finalrun-ios" */;
			buildPhases = (
				0C9D63A62AC9602A00E388BA /* Sources */,
				0C9D63A72AC9602A00E388BA /* Frameworks */,
				0C9D63A82AC9602A00E388BA /* Resources */,
			);
			buildRules = (
			);
			dependencies = (
			);
			name = "finalrun-ios";
			packageProductDependencies = (
			);
			productName = "finalrun-ios";
			productReference = 0C9D63AA2AC9602A00E388BA /* finalrun-ios.app */;
			productType = "com.apple.product-type.application";
		};
		0C9D63C92AC9602B00E388BA /* finalrun-ios-test */ = {
			isa = PBXNativeTarget;
			buildConfigurationList = 0C9D63DA2AC9602B00E388BA /* Build configuration list for PBXNativeTarget "finalrun-ios-test" */;
			buildPhases = (
				0C9D63C62AC9602B00E388BA /* Sources */,
				0C9D63C72AC9602B00E388BA /* Frameworks */,
				0C9D63C82AC9602B00E388BA /* Resources */,
			);
			buildRules = (
			);
			dependencies = (
				0C9D63CC2AC9602B00E388BA /* PBXTargetDependency */,
			);
			name = "finalrun-ios-test";
			packageProductDependencies = (
				A1GRPC00002D28243A00000011 /* GRPCCore */,
				A1GRPC00002D28243A00000012 /* GRPCNIOTransportHTTP2 */,
				A1GRPC00002D28243A00000013 /* GRPCProtobuf */,
			);
			productName = "finalrun-ios-test";
			productReference = 0C9D63CA2AC9602B00E388BA /* finalrun-ios-test.xctest */;
			productType = "com.apple.product-type.bundle.ui-testing";
		};
/* End PBXNativeTarget section */

/* Begin PBXProject section */
		0C9D63A22AC9602A00E388BA /* Project object */ = {
			isa = PBXProject;
			attributes = {
				BuildIndependentTargetsInParallel = 1;
				LastSwiftUpdateCheck = 1430;
				LastUpgradeCheck = 1430;
				TargetAttributes = {
					0C9D63A92AC9602A00E388BA = {
						CreatedOnToolsVersion = 14.3.1;
					};
					0C9D63C92AC9602B00E388BA = {
						CreatedOnToolsVersion = 14.3.1;
						TestTargetID = 0C9D63A92AC9602A00E388BA;
					};
				};
			};
			buildConfigurationList = 0C9D63A52AC9602A00E388BA /* Build configuration list for PBXProject "finalrun-ios" */;
			compatibilityVersion = "Xcode 14.0";
			developmentRegion = en;
			hasScannedForEncodings = 0;
			knownRegions = (
				en,
				Base,
			);
			mainGroup = 0C9D63A12AC9602A00E388BA;
			packageReferences = (
				A1GRPC00002D28243A00000001 /* XCRemoteSwiftPackageReference "grpc-swift-2" */,
				A1GRPC00002D28243A00000002 /* XCRemoteSwiftPackageReference "grpc-swift-nio-transport" */,
				A1GRPC00002D28243A00000003 /* XCRemoteSwiftPackageReference "grpc-swift-protobuf" */,
			);
			productRefGroup = 0C9D63AB2AC9602A00E388BA /* Products */;
			projectDirPath = "";
			projectRoot = "";
			targets = (
				0C9D63A92AC9602A00E388BA /* finalrun-ios */,
				0C9D63C92AC9602B00E388BA /* finalrun-ios-test */,
			);
		};
/* End PBXProject section */

/* Begin PBXResourcesBuildPhase section */
		0C9D63A82AC9602A00E388BA /* Resources */ = {
			isa = PBXResourcesBuildPhase;
			buildActionMask = 2147483647;
			files = (
				0C9D63BA2AC9602B00E388BA /* LaunchScreen.storyboard in Resources */,
				0C9D63B72AC9602B00E388BA /* Assets.xcassets in Resources */,
				0C9D63B52AC9602A00E388BA /* Main.storyboard in Resources */,
			);
			runOnlyForDeploymentPostprocessing = 0;
		};
		0C9D63C82AC9602B00E388BA /* Resources */ = {
			isa = PBXResourcesBuildPhase;
			buildActionMask = 2147483647;
			files = (
			);
			runOnlyForDeploymentPostprocessing = 0;
		};
/* End PBXResourcesBuildPhase section */

/* Begin PBXSourcesBuildPhase section */
		0C9D63A62AC9602A00E388BA /* Sources */ = {
			isa = PBXSourcesBuildPhase;
			buildActionMask = 2147483647;
			files = (
				0C9D63B22AC9602A00E388BA /* ViewController.swift in Sources */,
				0C9D63AE2AC9602A00E388BA /* AppDelegate.swift in Sources */,
				0C9D63B02AC9602A00E388BA /* SceneDelegate.swift in Sources */,
			);
			runOnlyForDeploymentPostprocessing = 0;
		};
		0C9D63C62AC9602B00E388BA /* Sources */ = {
			isa = PBXSourcesBuildPhase;
			buildActionMask = 2147483647;
			files = (
				0CD1B3742B87854200A05C5C /* ActionResponse.swift in Sources */,
				0C1F22022B6D22D200ADC5CB /* XCViewHierarchy.swift in Sources */,
				0CD1B3722B87819900A05C5C /* ActionRequest.swift in Sources */,
				0CD1B3702B877FE400A05C5C /* XCTestManager.swift in Sources */,
				0CF86C102BB1B41200AC4919 /* Utils.swift in Sources */,
				0C66DCB92B7515C000BFA060 /* XCViewElement.swift in Sources */,
				0C1CB0322B88D02700BAAE87 /* EventRecord.swift in Sources */,
				0C9D63CF2AC9602B00E388BA /* FinalRunTest.swift in Sources */,
				0C1CB0302B88CF3E00BAAE87 /* PointerEventPath.swift in Sources */,
				0CDCC1852B6932ED00F74344 /* XCViewHierarchyManager.swift in Sources */,
				0C1CB0342B88D85700BAAE87 /* RunnerDaemonProxy.swift in Sources */,
				0C1F22042B6D392D00ADC5CB /* XCViewHierarchyPayload.swift in Sources */,
				0C65F6972B96011100000EE7 /* TextInputHelper.swift in Sources */,
				0CF7B0942BA70ADB002FB33F /* EventTarget.swift in Sources */,
				A1GRPC00002D28243A00000051 /* GrpcDriverServer.swift in Sources */,
				A1GRPC00002D28243A00000052 /* driver.pb.swift in Sources */,
				A1GRPC00002D28243A00000053 /* driver.grpc.swift in Sources */,
			);
			runOnlyForDeploymentPostprocessing = 0;
		};
/* End PBXSourcesBuildPhase section */

/* Begin PBXTargetDependency section */
		0C9D63CC2AC9602B00E388BA /* PBXTargetDependency */ = {
			isa = PBXTargetDependency;
			target = 0C9D63A92AC9602A00E388BA /* finalrun-ios */;
			targetProxy = 0C9D63CB2AC9602B00E388BA /* PBXContainerItemProxy */;
		};
/* End PBXTargetDependency section */

/* Begin PBXVariantGroup section */
		0C9D63B32AC9602A00E388BA /* Main.storyboard */ = {
			isa = PBXVariantGroup;
			children = (
				0C9D63B42AC9602A00E388BA /* Base */,
			);
			name = Main.storyboard;
			sourceTree = "<group>";
		};
		0C9D63B82AC9602B00E388BA /* LaunchScreen.storyboard */ = {
			isa = PBXVariantGroup;
			children = (
				0C9D63B92AC9602B00E388BA /* Base */,
			);
			name = LaunchScreen.storyboard;
			sourceTree = "<group>";
		};
/* End PBXVariantGroup section */

/* Begin XCBuildConfiguration section */
		0C9D63D22AC9602B00E388BA /* Debug */ = {
			isa = XCBuildConfiguration;
			buildSettings = {
				ALWAYS_SEARCH_USER_PATHS = NO;
				CLANG_ANALYZER_NONNULL = YES;
				CLANG_ANALYZER_NUMBER_OBJECT_CONVERSION = YES_AGGRESSIVE;
				CLANG_CXX_LANGUAGE_STANDARD = "gnu++20";
				CLANG_ENABLE_MODULES = YES;
				CLANG_ENABLE_OBJC_ARC = YES;
				CLANG_ENABLE_OBJC_WEAK = YES;
				CLANG_WARN_BLOCK_CAPTURE_AUTORELEASING = YES;
				CLANG_WARN_BOOL_CONVERSION = YES;
				CLANG_WARN_COMMA = YES;
				CLANG_WARN_CONSTANT_CONVERSION = YES;
				CLANG_WARN_DEPRECATED_OBJC_IMPLEMENTATIONS = YES;
				CLANG_WARN_DIRECT_OBJC_ISA_USAGE = YES_ERROR;
				CLANG_WARN_DOCUMENTATION_COMMENTS = YES;
				CLANG_WARN_EMPTY_BODY = YES;
				CLANG_WARN_ENUM_CONVERSION = YES;
				CLANG_WARN_INFINITE_RECURSION = YES;
				CLANG_WARN_INT_CONVERSION = YES;
				CLANG_WARN_NON_LITERAL_NULL_CONVERSION = YES;
				CLANG_WARN_OBJC_IMPLICIT_RETAIN_SELF = YES;
				CLANG_WARN_OBJC_LITERAL_CONVERSION = YES;
				CLANG_WARN_OBJC_ROOT_CLASS = YES_ERROR;
				CLANG_WARN_QUOTED_INCLUDE_IN_FRAMEWORK_HEADER = YES;
				CLANG_WARN_RANGE_LOOP_ANALYSIS = YES;
				CLANG_WARN_STRICT_PROTOTYPES = YES;
				CLANG_WARN_SUSPICIOUS_MOVE = YES;
				CLANG_WARN_UNGUARDED_AVAILABILITY = YES_AGGRESSIVE;
				CLANG_WARN_UNREACHABLE_CODE = YES;
				CLANG_WARN__DUPLICATE_METHOD_MATCH = YES;
				COPY_PHASE_STRIP = NO;
				DEBUG_INFORMATION_FORMAT = dwarf;
				ENABLE_STRICT_OBJC_MSGSEND = YES;
				ENABLE_TESTABILITY = YES;
				GCC_C_LANGUAGE_STANDARD = gnu11;
				GCC_DYNAMIC_NO_PIC = NO;
				GCC_NO_COMMON_BLOCKS = YES;
				GCC_OPTIMIZATION_LEVEL = 0;
				GCC_PREPROCESSOR_DEFINITIONS = (
					"DEBUG=1",
					"$(inherited)",
				);
				GCC_WARN_64_TO_32_BIT_CONVERSION = YES;
				GCC_WARN_ABOUT_RETURN_TYPE = YES_ERROR;
				GCC_WARN_UNDECLARED_SELECTOR = YES;
				GCC_WARN_UNINITIALIZED_AUTOS = YES_AGGRESSIVE;
				GCC_WARN_UNUSED_FUNCTION = YES;
				GCC_WARN_UNUSED_VARIABLE = YES;
				IPHONEOS_DEPLOYMENT_TARGET = 18.0;
				MTL_ENABLE_DEBUG_INFO = INCLUDE_SOURCE;
				MTL_FAST_MATH = YES;
				ONLY_ACTIVE_ARCH = YES;
				SDKROOT = iphonesimulator;
				SWIFT_ACTIVE_COMPILATION_CONDITIONS = DEBUG;
				SWIFT_OPTIMIZATION_LEVEL = "-Onone";
			};
			name = Debug;
		};
		0C9D63D32AC9602B00E388BA /* Release */ = {
			isa = XCBuildConfiguration;
			buildSettings = {
				ALWAYS_SEARCH_USER_PATHS = NO;
				CLANG_ANALYZER_NONNULL = YES;
				CLANG_ANALYZER_NUMBER_OBJECT_CONVERSION = YES_AGGRESSIVE;
				CLANG_CXX_LANGUAGE_STANDARD = "gnu++20";
				CLANG_ENABLE_MODULES = YES;
				CLANG_ENABLE_OBJC_ARC = YES;
				CLANG_ENABLE_OBJC_WEAK = YES;
				CLANG_WARN_BLOCK_CAPTURE_AUTORELEASING = YES;
				CLANG_WARN_BOOL_CONVERSION = YES;
				CLANG_WARN_COMMA = YES;
				CLANG_WARN_CONSTANT_CONVERSION = YES;
				CLANG_WARN_DEPRECATED_OBJC_IMPLEMENTATIONS = YES;
				CLANG_WARN_DIRECT_OBJC_ISA_USAGE = YES_ERROR;
				CLANG_WARN_DOCUMENTATION_COMMENTS = YES;
				CLANG_WARN_EMPTY_BODY = YES;
				CLANG_WARN_ENUM_CONVERSION = YES;
				CLANG_WARN_INFINITE_RECURSION = YES;
				CLANG_WARN_INT_CONVERSION = YES;
				CLANG_WARN_NON_LITERAL_NULL_CONVERSION = YES;
				CLANG_WARN_OBJC_IMPLICIT_RETAIN_SELF = YES;
				CLANG_WARN_OBJC_LITERAL_CONVERSION = YES;
				CLANG_WARN_OBJC_ROOT_CLASS = YES_ERROR;
				CLANG_WARN_QUOTED_INCLUDE_IN_FRAMEWORK_HEADER = YES;
				CLANG_WARN_RANGE_LOOP_ANALYSIS = YES;
				CLANG_WARN_STRICT_PROTOTYPES = YES;
				CLANG_WARN_SUSPICIOUS_MOVE = YES;
				CLANG_WARN_UNGUARDED_AVAILABILITY = YES_AGGRESSIVE;
				CLANG_WARN_UNREACHABLE_CODE = YES;
				CLANG_WARN__DUPLICATE_METHOD_MATCH = YES;
				COPY_PHASE_STRIP = NO;
				DEBUG_INFORMATION_FORMAT = "dwarf-with-dsym";
				ENABLE_NS_ASSERTIONS = NO;
				ENABLE_STRICT_OBJC_MSGSEND = YES;
				GCC_C_LANGUAGE_STANDARD = gnu11;
				GCC_NO_COMMON_BLOCKS = YES;
				GCC_WARN_64_TO_32_BIT_CONVERSION = YES;
				GCC_WARN_ABOUT_RETURN_TYPE = YES_ERROR;
				GCC_WARN_UNDECLARED_SELECTOR = YES;
				GCC_WARN_UNINITIALIZED_AUTOS = YES_AGGRESSIVE;
				GCC_WARN_UNUSED_FUNCTION = YES;
				GCC_WARN_UNUSED_VARIABLE = YES;
				IPHONEOS_DEPLOYMENT_TARGET = 18.0;
				MTL_ENABLE_DEBUG_INFO = NO;
				MTL_FAST_MATH = YES;
				SDKROOT = iphonesimulator;
				SWIFT_COMPILATION_MODE = wholemodule;
				SWIFT_OPTIMIZATION_LEVEL = "-O";
				VALIDATE_PRODUCT = YES;
			};
			name = Release;
		};
		0C9D63D52AC9602B00E388BA /* Debug */ = {
			isa = XCBuildConfiguration;
			buildSettings = {
				ASSETCATALOG_COMPILER_APPICON_NAME = AppIcon;
				ASSETCATALOG_COMPILER_GLOBAL_ACCENT_COLOR_NAME = AccentColor;
				CODE_SIGN_STYLE = Manual;
				CODE_SIGNING_ALLOWED = NO;
				CODE_SIGNING_REQUIRED = NO;
				CURRENT_PROJECT_VERSION = 2;
				GENERATE_INFOPLIST_FILE = YES;
				INFOPLIST_FILE = "finalrun-ios/Info.plist";
				INFOPLIST_KEY_UIApplicationSupportsIndirectInputEvents = YES;
				INFOPLIST_KEY_UILaunchStoryboardName = LaunchScreen;
				INFOPLIST_KEY_UIMainStoryboardFile = Main;
				INFOPLIST_KEY_UISupportedInterfaceOrientations_iPad = "UIInterfaceOrientationPortrait UIInterfaceOrientationPortraitUpsideDown UIInterfaceOrientationLandscapeLeft UIInterfaceOrientationLandscapeRight";
				INFOPLIST_KEY_UISupportedInterfaceOrientations_iPhone = "UIInterfaceOrientationPortrait UIInterfaceOrientationLandscapeLeft UIInterfaceOrientationLandscapeRight";
				IPHONEOS_DEPLOYMENT_TARGET = 18.0;
				LD_RUNPATH_SEARCH_PATHS = (
					"$(inherited)",
					"@executable_path/Frameworks",
				);
				MARKETING_VERSION = 1.2;
				PRODUCT_BUNDLE_IDENTIFIER = app.finalrun.ios;
				PRODUCT_NAME = "$(TARGET_NAME)";
				SWIFT_EMIT_LOC_STRINGS = YES;
				SWIFT_VERSION = 5.0;
				TARGETED_DEVICE_FAMILY = "1,2";
			};
			name = Debug;
		};
		0C9D63D62AC9602B00E388BA /* Release */ = {
			isa = XCBuildConfiguration;
			buildSettings = {
				ASSETCATALOG_COMPILER_APPICON_NAME = AppIcon;
				ASSETCATALOG_COMPILER_GLOBAL_ACCENT_COLOR_NAME = AccentColor;
				CODE_SIGN_STYLE = Manual;
				CODE_SIGNING_ALLOWED = NO;
				CODE_SIGNING_REQUIRED = NO;
				CURRENT_PROJECT_VERSION = 2;
				GENERATE_INFOPLIST_FILE = YES;
				INFOPLIST_FILE = "finalrun-ios/Info.plist";
				INFOPLIST_KEY_UIApplicationSupportsIndirectInputEvents = YES;
				INFOPLIST_KEY_UILaunchStoryboardName = LaunchScreen;
				INFOPLIST_KEY_UIMainStoryboardFile = Main;
				INFOPLIST_KEY_UISupportedInterfaceOrientations_iPad = "UIInterfaceOrientationPortrait UIInterfaceOrientationPortraitUpsideDown UIInterfaceOrientationLandscapeLeft UIInterfaceOrientationLandscapeRight";
				INFOPLIST_KEY_UISupportedInterfaceOrientations_iPhone = "UIInterfaceOrientationPortrait UIInterfaceOrientationLandscapeLeft UIInterfaceOrientationLandscapeRight";
				IPHONEOS_DEPLOYMENT_TARGET = 18.0;
				LD_RUNPATH_SEARCH_PATHS = (
					"$(inherited)",
					"@executable_path/Frameworks",
				);
				MARKETING_VERSION = 1.2;
				PRODUCT_BUNDLE_IDENTIFIER = app.finalrun.ios;
				PRODUCT_NAME = "$(TARGET_NAME)";
				SWIFT_EMIT_LOC_STRINGS = YES;
				SWIFT_VERSION = 5.0;
				TARGETED_DEVICE_FAMILY = "1,2";
			};
			name = Release;
		};
		0C9D63DB2AC9602B00E388BA /* Debug */ = {
			isa = XCBuildConfiguration;
			buildSettings = {
				ALWAYS_EMBED_SWIFT_STANDARD_LIBRARIES = YES;
				CODE_SIGN_STYLE = Manual;
				CODE_SIGNING_ALLOWED = NO;
				CODE_SIGNING_REQUIRED = NO;
				CURRENT_PROJECT_VERSION = 2;
				GENERATE_INFOPLIST_FILE = YES;
				IPHONEOS_DEPLOYMENT_TARGET = 18.0;
				MARKETING_VERSION = 1.2;
				PRODUCT_BUNDLE_IDENTIFIER = app.finalrun.iosUITests;
				PRODUCT_NAME = "$(TARGET_NAME)";
				SWIFT_EMIT_LOC_STRINGS = NO;
				SWIFT_VERSION = 6.0;
				TARGETED_DEVICE_FAMILY = "1,2";
				TEST_TARGET_NAME = "finalrun-ios";
			};
			name = Debug;
		};
		0C9D63DC2AC9602B00E388BA /* Release */ = {
			isa = XCBuildConfiguration;
			buildSettings = {
				ALWAYS_EMBED_SWIFT_STANDARD_LIBRARIES = YES;
				CODE_SIGN_STYLE = Manual;
				CODE_SIGNING_ALLOWED = NO;
				CODE_SIGNING_REQUIRED = NO;
				CURRENT_PROJECT_VERSION = 2;
				GENERATE_INFOPLIST_FILE = YES;
				IPHONEOS_DEPLOYMENT_TARGET = 18.0;
				MARKETING_VERSION = 1.2;
				PRODUCT_BUNDLE_IDENTIFIER = app.finalrun.iosUITests;
				PRODUCT_NAME = "$(TARGET_NAME)";
				SWIFT_EMIT_LOC_STRINGS = NO;
				SWIFT_VERSION = 6.0;
				TARGETED_DEVICE_FAMILY = "1,2";
				TEST_TARGET_NAME = "finalrun-ios";
			};
			name = Release;
		};
/* End XCBuildConfiguration section */

/* Begin XCConfigurationList section */
		0C9D63A52AC9602A00E388BA /* Build configuration list for PBXProject "finalrun-ios" */ = {
			isa = XCConfigurationList;
			buildConfigurations = (
				0C9D63D22AC9602B00E388BA /* Debug */,
				0C9D63D32AC9602B00E388BA /* Release */,
			);
			defaultConfigurationIsVisible = 0;
			defaultConfigurationName = Release;
		};
		0C9D63D42AC9602B00E388BA /* Build configuration list for PBXNativeTarget "finalrun-ios" */ = {
			isa = XCConfigurationList;
			buildConfigurations = (
				0C9D63D52AC9602B00E388BA /* Debug */,
				0C9D63D62AC9602B00E388BA /* Release */,
			);
			defaultConfigurationIsVisible = 0;
			defaultConfigurationName = Release;
		};
		0C9D63DA2AC9602B00E388BA /* Build configuration list for PBXNativeTarget "finalrun-ios-test" */ = {
			isa = XCConfigurationList;
			buildConfigurations = (
				0C9D63DB2AC9602B00E388BA /* Debug */,
				0C9D63DC2AC9602B00E388BA /* Release */,
			);
			defaultConfigurationIsVisible = 0;
			defaultConfigurationName = Release;
		};
/* End XCConfigurationList section */

/* Begin XCRemoteSwiftPackageReference section */
		A1GRPC00002D28243A00000001 /* XCRemoteSwiftPackageReference "grpc-swift-2" */ = {
			isa = XCRemoteSwiftPackageReference;
			repositoryURL = "https://github.com/grpc/grpc-swift-2.git";
			requirement = {
				kind = upToNextMajorVersion;
				minimumVersion = 2.0.0;
			};
		};
		A1GRPC00002D28243A00000002 /* XCRemoteSwiftPackageReference "grpc-swift-nio-transport" */ = {
			isa = XCRemoteSwiftPackageReference;
			repositoryURL = "https://github.com/grpc/grpc-swift-nio-transport.git";
			requirement = {
				kind = upToNextMajorVersion;
				minimumVersion = 2.0.0;
			};
		};
		A1GRPC00002D28243A00000003 /* XCRemoteSwiftPackageReference "grpc-swift-protobuf" */ = {
			isa = XCRemoteSwiftPackageReference;
			repositoryURL = "https://github.com/grpc/grpc-swift-protobuf.git";
			requirement = {
				kind = upToNextMajorVersion;
				minimumVersion = 2.0.0;
			};
		};
/* End XCRemoteSwiftPackageReference section */

/* Begin XCSwiftPackageProductDependency section */
		A1GRPC00002D28243A00000011 /* GRPCCore */ = {
			isa = XCSwiftPackageProductDependency;
			package = A1GRPC00002D28243A00000001 /* XCRemoteSwiftPackageReference "grpc-swift-2" */;
			productName = GRPCCore;
		};
		A1GRPC00002D28243A00000012 /* GRPCNIOTransportHTTP2 */ = {
			isa = XCSwiftPackageProductDependency;
			package = A1GRPC00002D28243A00000002 /* XCRemoteSwiftPackageReference "grpc-swift-nio-transport" */;
			productName = GRPCNIOTransportHTTP2;
		};
		A1GRPC00002D28243A00000013 /* GRPCProtobuf */ = {
			isa = XCSwiftPackageProductDependency;
			package = A1GRPC00002D28243A00000003 /* XCRemoteSwiftPackageReference "grpc-swift-protobuf" */;
			productName = GRPCProtobuf;
		};
/* End XCSwiftPackageProductDependency section */
	};
	rootObject = 0C9D63A22AC9602A00E388BA /* Project object */;
}
